
Microsoft Visual Studio Solution File, Format Version 12.00
# Visual Studio 15
VisualStudioVersion = 15.0.28307.1267
MinimumVisualStudioVersion = 10.0.40219.1
Project("{8BC9CEB8-8B4A-11D0-8D11-00A0C91BC942}") = "UFMG-TSP-Heuristics", "UFMG-TSP-Heuristics\UFMG-TSP-Heuristics.vcxproj", "{970712CC-4A75-46B0-854B-E8BB180E8044}"
EndProject
Global
	GlobalSection(SolutionConfigurationPlatforms) = preSolution
		Debug|x64 = Debug|x64
		Debug|x86 = Debug|x86
		Release|x64 = Release|x64
		Release|x86 = Release|x86
	EndGlobalSection
	GlobalSection(ProjectConfigurationPlatforms) = postSolution
		{970712CC-4A75-46B0-854B-E8BB180E8044}.Debug|x64.ActiveCfg = Debug|x64
		{970712CC-4A75-46B0-854B-E8BB180E8044}.Debug|x64.Build.0 = Debug|x64
		{970712CC-4A75-46B0-854B-E8BB180E8044}.Debug|x86.ActiveCfg = Debug|Win32
		{970712CC-4A75-46B0-854B-E8BB180E8044}.Debug|x86.Build.0 = Debug|Win32
		{970712CC-4A75-46B0-854B-E8BB180E8044}.Release|x64.ActiveCfg = Release|x64
		{970712CC-4A75-46B0-854B-E8BB180E8044}.Release|x64.Build.0 = Release|x64
		{970712CC-4A75-46B0-854B-E8BB180E8044}.Release|x86.ActiveCfg = Release|Win32
		{970712CC-4A75-46B0-854B-E8BB180E8044}.Release|x86.Build.0 = Release|Win32
	EndGlobalSection
	GlobalSection(SolutionProperties) = preSolution
		HideSolutionNode = FALSE
	EndGlobalSection
	GlobalSection(ExtensibilityGlobals) = postSolution
		SolutionGuid = {CF71CC3D-4379-4B2D-8808-6AD5606BAF87}
	EndGlobalSection
EndGlobal
